# yo.lock — generated by `yo add` / `yo install` / `yo update`; commit this file.
version = 2

[[package]]
name = "markdown_yo"
version = "0.0.11"
source = "git+https://github.com/shd101wyy/markdown_yo#v0.0.11"
commit = "8785a5b40f8b52114abe6b53d7f3efbd57d442c8"
integrity = "sha256-d26131a7c6db0eff2bca0edd270bc7a562c80c3c679c853fae1c1f4df53dbd63"
