# yo.lock — generated by `yo add` / `yo install` / `yo update`; commit this file.
version = 2

[[package]]
name = "markdown_yo"
version = "0.0.9"
source = "git+https://github.com/shd101wyy/markdown_yo#v0.0.9"
commit = "9bad93b2c0b92e531f0e25a6ab12b88d7f93a4a9"
integrity = "sha256-bfd0022b63bb7bbf4c0a48d71f12c405d86395fd92a8814016e4b8f171a05e17"
