# yo.lock — generated by `yo add` / `yo install` / `yo update`; commit this file.
version = 2

[[package]]
name = "markdown_yo"
source = "git+https://github.com/shd101wyy/markdown_yo#c950b8aee969953e23f1515f005a86f16e4b006c"
commit = "c950b8aee969953e23f1515f005a86f16e4b006c"
integrity = "sha256-07669478a982ba76da55f871d86b63a4b29abba14ccafa466b1fa3d7579905f8"
