# yo.lock — generated by `yo add` / `yo install` / `yo update`; commit this file.
version = 2

[[package]]
name = "remote"
version = "1.2.0"
source = "git+./remote.git#v1.2.0"
commit = "6b39e5ea18ceeef6447072405110b993ad28ec75"
integrity = "sha256-4e76e0db579fcdc8c63b5d5566131036e782401a9b97b35b75f4945565b5b589"
